
Microsoft Visual Studio Solution File, Format Version 12.00
# Visual Studio Version 16
VisualStudioVersion = 16.0.30804.86
MinimumVisualStudioVersion = 10.0.40219.1
Project("{FAE04EC0-301F-11D3-BF4B-00C04F79EFBC}") = "SampleJenkinsProject", "SampleJenkinsProject\SampleJenkinsProject.csproj", "{47AE0F06-4B07-49FD-8D0C-4FF0174F5B2D}"
EndProject
Global
	GlobalSection(SolutionConfigurationPlatforms) = preSolution
		Debug|Any CPU = Debug|Any CPU
		Release|Any CPU = Release|Any CPU
	EndGlobalSection
	GlobalSection(ProjectConfigurationPlatforms) = postSolution
		{47AE0F06-4B07-49FD-8D0C-4FF0174F5B2D}.Debug|Any CPU.ActiveCfg = Debug|Any CPU
		{47AE0F06-4B07-49FD-8D0C-4FF0174F5B2D}.Debug|Any CPU.Build.0 = Debug|Any CPU
		{47AE0F06-4B07-49FD-8D0C-4FF0174F5B2D}.Release|Any CPU.ActiveCfg = Release|Any CPU
		{47AE0F06-4B07-49FD-8D0C-4FF0174F5B2D}.Release|Any CPU.Build.0 = Release|Any CPU
	EndGlobalSection
	GlobalSection(SolutionProperties) = preSolution
		HideSolutionNode = FALSE
	EndGlobalSection
	GlobalSection(ExtensibilityGlobals) = postSolution
		SolutionGuid = {BF8F9AC5-EE16-4C95-B73D-3C33A54D99DA}
	EndGlobalSection
EndGlobal
